<?xml version="1.0" encoding="UTF-8"?>
<!DOCTYPE plist PUBLIC "-//Apple//DTD PLIST 1.0//EN" "http://www.apple.com/DTDs/PropertyList-1.0.dtd">
<plist version="1.0">
<dict>
	<key>archiveVersion</key>
	<string>1</string>
	<key>classes</key>
	<dict/>
	<key>objectVersion</key>
	<string>46</string>
	<key>objects</key>
	<dict>
		<key>0BEDBDFBB792E0B471493E94</key>
		<dict>
			<key>includeInIndex</key>
			<string>1</string>
			<key>isa</key>
			<string>PBXFileReference</string>
			<key>lastKnownFileType</key>
			<string>text.xcconfig</string>
			<key>name</key>
			<string>Pods-Keyboard.release.xcconfig</string>
			<key>path</key>
			<string>Pods/Target Support Files/Pods-Keyboard/Pods-Keyboard.release.xcconfig</string>
			<key>sourceTree</key>
			<string>&lt;group&gt;</string>
		</dict>
		<key>20725571D69C1572CBCF18C3</key>
		<dict>
			<key>fileRef</key>
			<string>F29D8C34F3E6C94E058CF7AB</string>
			<key>isa</key>
			<string>PBXBuildFile</string>
		</dict>
		<key>317CBD166FA4E20B527542E8</key>
		<dict>
			<key>children</key>
			<array>
				<string>34CB21C117DF6EE7A1A99DC6</string>
				<string>0BEDBDFBB792E0B471493E94</string>
			</array>
			<key>isa</key>
			<string>PBXGroup</string>
			<key>name</key>
			<string>Pods</string>
			<key>sourceTree</key>
			<string>&lt;group&gt;</string>
		</dict>
		<key>34CB21C117DF6EE7A1A99DC6</key>
		<dict>
			<key>includeInIndex</key>
			<string>1</string>
			<key>isa</key>
			<string>PBXFileReference</string>
			<key>lastKnownFileType</key>
			<string>text.xcconfig</string>
			<key>name</key>
			<string>Pods-Keyboard.debug.xcconfig</string>
			<key>path</key>
			<string>Pods/Target Support Files/Pods-Keyboard/Pods-Keyboard.debug.xcconfig</string>
			<key>sourceTree</key>
			<string>&lt;group&gt;</string>
		</dict>
		<key>6E7B1BA8EE6D41AD774FB061</key>
		<dict>
			<key>buildActionMask</key>
			<string>2147483647</string>
			<key>files</key>
			<array/>
			<key>inputPaths</key>
			<array/>
			<key>isa</key>
			<string>PBXShellScriptBuildPhase</string>
			<key>name</key>
			<string>Check Pods Manifest.lock</string>
			<key>outputPaths</key>
			<array/>
			<key>runOnlyForDeploymentPostprocessing</key>
			<string>0</string>
			<key>shellPath</key>
			<string>/bin/sh</string>
			<key>shellScript</key>
			<string>diff "${PODS_ROOT}/../Podfile.lock" "${PODS_ROOT}/Manifest.lock" &gt; /dev/null
if [[ $? != 0 ]] ; then
    cat &lt;&lt; EOM
error: The sandbox is not in sync with the Podfile.lock. Run 'pod install' or update your CocoaPods installation.
EOM
    exit 1
fi
</string>
			<key>showEnvVarsInLog</key>
			<string>0</string>
		</dict>
		<key>8FE3D59CCAA1ABA4EF07640C</key>
		<dict>
			<key>buildActionMask</key>
			<string>2147483647</string>
			<key>files</key>
			<array/>
			<key>inputPaths</key>
			<array/>
			<key>isa</key>
			<string>PBXShellScriptBuildPhase</string>
			<key>name</key>
			<string>Embed Pods Frameworks</string>
			<key>outputPaths</key>
			<array/>
			<key>runOnlyForDeploymentPostprocessing</key>
			<string>0</string>
			<key>shellPath</key>
			<string>/bin/sh</string>
			<key>shellScript</key>
			<string>"${SRCROOT}/Pods/Target Support Files/Pods-Keyboard/Pods-Keyboard-frameworks.sh"
</string>
			<key>showEnvVarsInLog</key>
			<string>0</string>
		</dict>
		<key>B29423E31CE3C46400973547</key>
		<dict>
			<key>children</key>
			<array>
				<string>B29423E41CE3C47A00973547</string>
				<string>B29423E61CE3C64100973547</string>
			</array>
			<key>isa</key>
			<string>PBXGroup</string>
			<key>name</key>
			<string>CustomKeyboard</string>
			<key>path</key>
			<string>DefaultKeyboard</string>
			<key>sourceTree</key>
			<string>&lt;group&gt;</string>
		</dict>
		<key>B29423E41CE3C47A00973547</key>
		<dict>
			<key>fileEncoding</key>
			<string>4</string>
			<key>isa</key>
			<string>PBXFileReference</string>
			<key>lastKnownFileType</key>
			<string>sourcecode.swift</string>
			<key>path</key>
			<string>CustomKeyboard.swift</string>
			<key>sourceTree</key>
			<string>&lt;group&gt;</string>
		</dict>
		<key>B29423E51CE3C47A00973547</key>
		<dict>
			<key>fileRef</key>
			<string>B29423E41CE3C47A00973547</string>
			<key>isa</key>
			<string>PBXBuildFile</string>
		</dict>
		<key>B29423E61CE3C64100973547</key>
		<dict>
			<key>fileEncoding</key>
			<string>4</string>
			<key>isa</key>
			<string>PBXFileReference</string>
			<key>lastKnownFileType</key>
			<string>sourcecode.swift</string>
			<key>path</key>
			<string>CustomKeyboardLayout.swift</string>
			<key>sourceTree</key>
			<string>&lt;group&gt;</string>
		</dict>
		<key>B29423E71CE3C64100973547</key>
		<dict>
			<key>fileRef</key>
			<string>B29423E61CE3C64100973547</string>
			<key>isa</key>
			<string>PBXBuildFile</string>
		</dict>
		<key>B29ADFFE1D050F8D003C94E5</key>
		<dict>
			<key>children</key>
			<array>
				<string>B29ADFFF1D050F99003C94E5</string>
				<string>B29AE0011D050FA9003C94E5</string>
				<string>B29AE0031D050FB4003C94E5</string>
			</array>
			<key>isa</key>
			<string>PBXGroup</string>
			<key>path</key>
			<string>KeyPop</string>
			<key>sourceTree</key>
			<string>&lt;group&gt;</string>
		</dict>
		<key>B29ADFFF1D050F99003C94E5</key>
		<dict>
			<key>fileEncoding</key>
			<string>4</string>
			<key>isa</key>
			<string>PBXFileReference</string>
			<key>lastKnownFileType</key>
			<string>sourcecode.swift</string>
			<key>path</key>
			<string>KeyPop.swift</string>
			<key>sourceTree</key>
			<string>&lt;group&gt;</string>
		</dict>
		<key>B29AE0001D050F99003C94E5</key>
		<dict>
			<key>fileRef</key>
			<string>B29ADFFF1D050F99003C94E5</string>
			<key>isa</key>
			<string>PBXBuildFile</string>
		</dict>
		<key>B29AE0011D050FA9003C94E5</key>
		<dict>
			<key>fileEncoding</key>
			<string>4</string>
			<key>isa</key>
			<string>PBXFileReference</string>
			<key>lastKnownFileType</key>
			<string>sourcecode.swift</string>
			<key>path</key>
			<string>KeyMenu.swift</string>
			<key>sourceTree</key>
			<string>&lt;group&gt;</string>
		</dict>
		<key>B29AE0021D050FA9003C94E5</key>
		<dict>
			<key>fileRef</key>
			<string>B29AE0011D050FA9003C94E5</string>
			<key>isa</key>
			<string>PBXBuildFile</string>
		</dict>
		<key>B29AE0031D050FB4003C94E5</key>
		<dict>
			<key>fileEncoding</key>
			<string>4</string>
			<key>isa</key>
			<string>PBXFileReference</string>
			<key>lastKnownFileType</key>
			<string>sourcecode.swift</string>
			<key>path</key>
			<string>KeyMenuItem.swift</string>
			<key>sourceTree</key>
			<string>&lt;group&gt;</string>
		</dict>
		<key>B29AE0041D050FB4003C94E5</key>
		<dict>
			<key>fileRef</key>
			<string>B29AE0031D050FB4003C94E5</string>
			<key>isa</key>
			<string>PBXBuildFile</string>
		</dict>
		<key>B2FBDCBF1CDD2224008D6100</key>
		<dict>
			<key>children</key>
			<array>
				<string>B2FBDCCA1CDD2224008D6100</string>
				<string>B2FBDCDF1CDD2224008D6100</string>
				<string>B2FBDCEA1CDD2224008D6100</string>
				<string>B2FBDCFE1CDD2292008D6100</string>
				<string>B2FBDCC91CDD2224008D6100</string>
				<string>317CBD166FA4E20B527542E8</string>
				<string>DCE97A9A3951E20BE9204270</string>
			</array>
			<key>isa</key>
			<string>PBXGroup</string>
			<key>sourceTree</key>
			<string>&lt;group&gt;</string>
		</dict>
		<key>B2FBDCC01CDD2224008D6100</key>
		<dict>
			<key>attributes</key>
			<dict>
				<key>LastSwiftUpdateCheck</key>
				<string>0730</string>
				<key>LastUpgradeCheck</key>
				<string>0730</string>
				<key>ORGANIZATIONNAME</key>
				<string>Prototapp</string>
				<key>TargetAttributes</key>
				<dict>
					<key>B2FBDCC71CDD2224008D6100</key>
					<dict>
						<key>CreatedOnToolsVersion</key>
						<string>7.3</string>
					</dict>
					<key>B2FBDCDB1CDD2224008D6100</key>
					<dict>
						<key>CreatedOnToolsVersion</key>
						<string>7.3</string>
						<key>TestTargetID</key>
						<string>B2FBDCC71CDD2224008D6100</string>
					</dict>
					<key>B2FBDCE61CDD2224008D6100</key>
					<dict>
						<key>CreatedOnToolsVersion</key>
						<string>7.3</string>
						<key>TestTargetID</key>
						<string>B2FBDCC71CDD2224008D6100</string>
					</dict>
					<key>B2FBDCFC1CDD2292008D6100</key>
					<dict>
						<key>CreatedOnToolsVersion</key>
						<string>7.3</string>
					</dict>
				</dict>
			</dict>
			<key>buildConfigurationList</key>
			<string>B2FBDCC31CDD2224008D6100</string>
			<key>compatibilityVersion</key>
			<string>Xcode 3.2</string>
			<key>developmentRegion</key>
			<string>English</string>
			<key>hasScannedForEncodings</key>
			<string>0</string>
			<key>isa</key>
			<string>PBXProject</string>
			<key>knownRegions</key>
			<array>
				<string>en</string>
				<string>Base</string>
			</array>
			<key>mainGroup</key>
			<string>B2FBDCBF1CDD2224008D6100</string>
			<key>productRefGroup</key>
			<string>B2FBDCC91CDD2224008D6100</string>
			<key>projectDirPath</key>
			<string></string>
			<key>projectReferences</key>
			<array/>
			<key>projectRoot</key>
			<string></string>
			<key>targets</key>
			<array>
				<string>B2FBDCC71CDD2224008D6100</string>
				<string>B2FBDCDB1CDD2224008D6100</string>
				<string>B2FBDCE61CDD2224008D6100</string>
				<string>B2FBDCFC1CDD2292008D6100</string>
			</array>
		</dict>
		<key>B2FBDCC31CDD2224008D6100</key>
		<dict>
			<key>buildConfigurations</key>
			<array>
				<string>B2FBDCEE1CDD2224008D6100</string>
				<string>B2FBDCEF1CDD2224008D6100</string>
			</array>
			<key>defaultConfigurationIsVisible</key>
			<string>0</string>
			<key>defaultConfigurationName</key>
			<string>Release</string>
			<key>isa</key>
			<string>XCConfigurationList</string>
		</dict>
		<key>B2FBDCC41CDD2224008D6100</key>
		<dict>
			<key>buildActionMask</key>
			<string>2147483647</string>
			<key>files</key>
			<array>
				<string>B2FBDCCE1CDD2224008D6100</string>
				<string>B2FBDCCC1CDD2224008D6100</string>
			</array>
			<key>isa</key>
			<string>PBXSourcesBuildPhase</string>
			<key>runOnlyForDeploymentPostprocessing</key>
			<string>0</string>
		</dict>
		<key>B2FBDCC51CDD2224008D6100</key>
		<dict>
			<key>buildActionMask</key>
			<string>2147483647</string>
			<key>files</key>
			<array/>
			<key>isa</key>
			<string>PBXFrameworksBuildPhase</string>
			<key>runOnlyForDeploymentPostprocessing</key>
			<string>0</string>
		</dict>
		<key>B2FBDCC61CDD2224008D6100</key>
		<dict>
			<key>buildActionMask</key>
			<string>2147483647</string>
			<key>files</key>
			<array>
				<string>B2FBDCD61CDD2224008D6100</string>
				<string>B2FBDCD31CDD2224008D6100</string>
				<string>B2FBDCD11CDD2224008D6100</string>
			</array>
			<key>isa</key>
			<string>PBXResourcesBuildPhase</string>
			<key>runOnlyForDeploymentPostprocessing</key>
			<string>0</string>
		</dict>
		<key>B2FBDCC71CDD2224008D6100</key>
		<dict>
			<key>buildConfigurationList</key>
			<string>B2FBDCF01CDD2224008D6100</string>
			<key>buildPhases</key>
			<array>
				<string>B2FBDCC41CDD2224008D6100</string>
				<string>B2FBDCC51CDD2224008D6100</string>
				<string>B2FBDCC61CDD2224008D6100</string>
				<string>B2FBDD081CDD2292008D6100</string>
			</array>
			<key>buildRules</key>
			<array/>
			<key>dependencies</key>
			<array>
				<string>B2FBDD031CDD2292008D6100</string>
			</array>
			<key>isa</key>
			<string>PBXNativeTarget</string>
			<key>name</key>
			<string>KeyboardLayoutEngine</string>
			<key>productName</key>
			<string>KeyboardLayoutEngine</string>
			<key>productReference</key>
			<string>B2FBDCC81CDD2224008D6100</string>
			<key>productType</key>
			<string>com.apple.product-type.application</string>
		</dict>
		<key>B2FBDCC81CDD2224008D6100</key>
		<dict>
			<key>explicitFileType</key>
			<string>wrapper.application</string>
			<key>includeInIndex</key>
			<string>0</string>
			<key>isa</key>
			<string>PBXFileReference</string>
			<key>path</key>
			<string>KeyboardLayoutEngine.app</string>
			<key>sourceTree</key>
			<string>BUILT_PRODUCTS_DIR</string>
		</dict>
		<key>B2FBDCC91CDD2224008D6100</key>
		<dict>
			<key>children</key>
			<array>
				<string>B2FBDCC81CDD2224008D6100</string>
				<string>B2FBDCDC1CDD2224008D6100</string>
				<string>B2FBDCE71CDD2224008D6100</string>
				<string>B2FBDCFD1CDD2292008D6100</string>
			</array>
			<key>isa</key>
			<string>PBXGroup</string>
			<key>name</key>
			<string>Products</string>
			<key>sourceTree</key>
			<string>&lt;group&gt;</string>
		</dict>
		<key>B2FBDCCA1CDD2224008D6100</key>
		<dict>
			<key>children</key>
			<array>
				<string>B2FBDCCB1CDD2224008D6100</string>
				<string>B2FBDCCD1CDD2224008D6100</string>
				<string>B2FBDCCF1CDD2224008D6100</string>
				<string>B2FBDCD21CDD2224008D6100</string>
				<string>B2FBDCD41CDD2224008D6100</string>
				<string>B2FBDCD71CDD2224008D6100</string>
			</array>
			<key>isa</key>
			<string>PBXGroup</string>
			<key>path</key>
			<string>KeyboardLayoutEngine</string>
			<key>sourceTree</key>
			<string>&lt;group&gt;</string>
		</dict>
		<key>B2FBDCCB1CDD2224008D6100</key>
		<dict>
			<key>isa</key>
			<string>PBXFileReference</string>
			<key>lastKnownFileType</key>
			<string>sourcecode.swift</string>
			<key>path</key>
			<string>AppDelegate.swift</string>
			<key>sourceTree</key>
			<string>&lt;group&gt;</string>
		</dict>
		<key>B2FBDCCC1CDD2224008D6100</key>
		<dict>
			<key>fileRef</key>
			<string>B2FBDCCB1CDD2224008D6100</string>
			<key>isa</key>
			<string>PBXBuildFile</string>
		</dict>
		<key>B2FBDCCD1CDD2224008D6100</key>
		<dict>
			<key>isa</key>
			<string>PBXFileReference</string>
			<key>lastKnownFileType</key>
			<string>sourcecode.swift</string>
			<key>path</key>
			<string>ViewController.swift</string>
			<key>sourceTree</key>
			<string>&lt;group&gt;</string>
		</dict>
		<key>B2FBDCCE1CDD2224008D6100</key>
		<dict>
			<key>fileRef</key>
			<string>B2FBDCCD1CDD2224008D6100</string>
			<key>isa</key>
			<string>PBXBuildFile</string>
		</dict>
		<key>B2FBDCCF1CDD2224008D6100</key>
		<dict>
			<key>children</key>
			<array>
				<string>B2FBDCD01CDD2224008D6100</string>
			</array>
			<key>isa</key>
			<string>PBXVariantGroup</string>
			<key>name</key>
			<string>Main.storyboard</string>
			<key>sourceTree</key>
			<string>&lt;group&gt;</string>
		</dict>
		<key>B2FBDCD01CDD2224008D6100</key>
		<dict>
			<key>isa</key>
			<string>PBXFileReference</string>
			<key>lastKnownFileType</key>
			<string>file.storyboard</string>
			<key>name</key>
			<string>Base</string>
			<key>path</key>
			<string>Base.lproj/Main.storyboard</string>
			<key>sourceTree</key>
			<string>&lt;group&gt;</string>
		</dict>
		<key>B2FBDCD11CDD2224008D6100</key>
		<dict>
			<key>fileRef</key>
			<string>B2FBDCCF1CDD2224008D6100</string>
			<key>isa</key>
			<string>PBXBuildFile</string>
		</dict>
		<key>B2FBDCD21CDD2224008D6100</key>
		<dict>
			<key>isa</key>
			<string>PBXFileReference</string>
			<key>lastKnownFileType</key>
			<string>folder.assetcatalog</string>
			<key>path</key>
			<string>Assets.xcassets</string>
			<key>sourceTree</key>
			<string>&lt;group&gt;</string>
		</dict>
		<key>B2FBDCD31CDD2224008D6100</key>
		<dict>
			<key>fileRef</key>
			<string>B2FBDCD21CDD2224008D6100</string>
			<key>isa</key>
			<string>PBXBuildFile</string>
		</dict>
		<key>B2FBDCD41CDD2224008D6100</key>
		<dict>
			<key>children</key>
			<array>
				<string>B2FBDCD51CDD2224008D6100</string>
			</array>
			<key>isa</key>
			<string>PBXVariantGroup</string>
			<key>name</key>
			<string>LaunchScreen.storyboard</string>
			<key>sourceTree</key>
			<string>&lt;group&gt;</string>
		</dict>
		<key>B2FBDCD51CDD2224008D6100</key>
		<dict>
			<key>isa</key>
			<string>PBXFileReference</string>
			<key>lastKnownFileType</key>
			<string>file.storyboard</string>
			<key>name</key>
			<string>Base</string>
			<key>path</key>
			<string>Base.lproj/LaunchScreen.storyboard</string>
			<key>sourceTree</key>
			<string>&lt;group&gt;</string>
		</dict>
		<key>B2FBDCD61CDD2224008D6100</key>
		<dict>
			<key>fileRef</key>
			<string>B2FBDCD41CDD2224008D6100</string>
			<key>isa</key>
			<string>PBXBuildFile</string>
		</dict>
		<key>B2FBDCD71CDD2224008D6100</key>
		<dict>
			<key>isa</key>
			<string>PBXFileReference</string>
			<key>lastKnownFileType</key>
			<string>text.plist.xml</string>
			<key>path</key>
			<string>Info.plist</string>
			<key>sourceTree</key>
			<string>&lt;group&gt;</string>
		</dict>
		<key>B2FBDCD81CDD2224008D6100</key>
		<dict>
			<key>buildActionMask</key>
			<string>2147483647</string>
			<key>files</key>
			<array>
				<string>B2FBDCE11CDD2224008D6100</string>
			</array>
			<key>isa</key>
			<string>PBXSourcesBuildPhase</string>
			<key>runOnlyForDeploymentPostprocessing</key>
			<string>0</string>
		</dict>
		<key>B2FBDCD91CDD2224008D6100</key>
		<dict>
			<key>buildActionMask</key>
			<string>2147483647</string>
			<key>files</key>
			<array/>
			<key>isa</key>
			<string>PBXFrameworksBuildPhase</string>
			<key>runOnlyForDeploymentPostprocessing</key>
			<string>0</string>
		</dict>
		<key>B2FBDCDA1CDD2224008D6100</key>
		<dict>
			<key>buildActionMask</key>
			<string>2147483647</string>
			<key>files</key>
			<array/>
			<key>isa</key>
			<string>PBXResourcesBuildPhase</string>
			<key>runOnlyForDeploymentPostprocessing</key>
			<string>0</string>
		</dict>
		<key>B2FBDCDB1CDD2224008D6100</key>
		<dict>
			<key>buildConfigurationList</key>
			<string>B2FBDCF31CDD2224008D6100</string>
			<key>buildPhases</key>
			<array>
				<string>B2FBDCD81CDD2224008D6100</string>
				<string>B2FBDCD91CDD2224008D6100</string>
				<string>B2FBDCDA1CDD2224008D6100</string>
			</array>
			<key>buildRules</key>
			<array/>
			<key>dependencies</key>
			<array>
				<string>B2FBDCDE1CDD2224008D6100</string>
			</array>
			<key>isa</key>
			<string>PBXNativeTarget</string>
			<key>name</key>
			<string>KeyboardLayoutEngineTests</string>
			<key>productName</key>
			<string>KeyboardLayoutEngineTests</string>
			<key>productReference</key>
			<string>B2FBDCDC1CDD2224008D6100</string>
			<key>productType</key>
			<string>com.apple.product-type.bundle.unit-test</string>
		</dict>
		<key>B2FBDCDC1CDD2224008D6100</key>
		<dict>
			<key>explicitFileType</key>
			<string>wrapper.cfbundle</string>
			<key>includeInIndex</key>
			<string>0</string>
			<key>isa</key>
			<string>PBXFileReference</string>
			<key>path</key>
			<string>KeyboardLayoutEngineTests.xctest</string>
			<key>sourceTree</key>
			<string>BUILT_PRODUCTS_DIR</string>
		</dict>
		<key>B2FBDCDD1CDD2224008D6100</key>
		<dict>
			<key>containerPortal</key>
			<string>B2FBDCC01CDD2224008D6100</string>
			<key>isa</key>
			<string>PBXContainerItemProxy</string>
			<key>proxyType</key>
			<string>1</string>
			<key>remoteGlobalIDString</key>
			<string>B2FBDCC71CDD2224008D6100</string>
			<key>remoteInfo</key>
			<string>KeyboardLayoutEngine</string>
		</dict>
		<key>B2FBDCDE1CDD2224008D6100</key>
		<dict>
			<key>isa</key>
			<string>PBXTargetDependency</string>
			<key>target</key>
			<string>B2FBDCC71CDD2224008D6100</string>
			<key>targetProxy</key>
			<string>B2FBDCDD1CDD2224008D6100</string>
		</dict>
		<key>B2FBDCDF1CDD2224008D6100</key>
		<dict>
			<key>children</key>
			<array>
				<string>B2FBDCE01CDD2224008D6100</string>
				<string>B2FBDCE21CDD2224008D6100</string>
			</array>
			<key>isa</key>
			<string>PBXGroup</string>
			<key>path</key>
			<string>KeyboardLayoutEngineTests</string>
			<key>sourceTree</key>
			<string>&lt;group&gt;</string>
		</dict>
		<key>B2FBDCE01CDD2224008D6100</key>
		<dict>
			<key>isa</key>
			<string>PBXFileReference</string>
			<key>lastKnownFileType</key>
			<string>sourcecode.swift</string>
			<key>path</key>
			<string>KeyboardLayoutEngineTests.swift</string>
			<key>sourceTree</key>
			<string>&lt;group&gt;</string>
		</dict>
		<key>B2FBDCE11CDD2224008D6100</key>
		<dict>
			<key>fileRef</key>
			<string>B2FBDCE01CDD2224008D6100</string>
			<key>isa</key>
			<string>PBXBuildFile</string>
		</dict>
		<key>B2FBDCE21CDD2224008D6100</key>
		<dict>
			<key>isa</key>
			<string>PBXFileReference</string>
			<key>lastKnownFileType</key>
			<string>text.plist.xml</string>
			<key>path</key>
			<string>Info.plist</string>
			<key>sourceTree</key>
			<string>&lt;group&gt;</string>
		</dict>
		<key>B2FBDCE31CDD2224008D6100</key>
		<dict>
			<key>buildActionMask</key>
			<string>2147483647</string>
			<key>files</key>
			<array>
				<string>B2FBDCEC1CDD2224008D6100</string>
			</array>
			<key>isa</key>
			<string>PBXSourcesBuildPhase</string>
			<key>runOnlyForDeploymentPostprocessing</key>
			<string>0</string>
		</dict>
		<key>B2FBDCE41CDD2224008D6100</key>
		<dict>
			<key>buildActionMask</key>
			<string>2147483647</string>
			<key>files</key>
			<array/>
			<key>isa</key>
			<string>PBXFrameworksBuildPhase</string>
			<key>runOnlyForDeploymentPostprocessing</key>
			<string>0</string>
		</dict>
		<key>B2FBDCE51CDD2224008D6100</key>
		<dict>
			<key>buildActionMask</key>
			<string>2147483647</string>
			<key>files</key>
			<array/>
			<key>isa</key>
			<string>PBXResourcesBuildPhase</string>
			<key>runOnlyForDeploymentPostprocessing</key>
			<string>0</string>
		</dict>
		<key>B2FBDCE61CDD2224008D6100</key>
		<dict>
			<key>buildConfigurationList</key>
			<string>B2FBDCF61CDD2224008D6100</string>
			<key>buildPhases</key>
			<array>
				<string>B2FBDCE31CDD2224008D6100</string>
				<string>B2FBDCE41CDD2224008D6100</string>
				<string>B2FBDCE51CDD2224008D6100</string>
			</array>
			<key>buildRules</key>
			<array/>
			<key>dependencies</key>
			<array>
				<string>B2FBDCE91CDD2224008D6100</string>
			</array>
			<key>isa</key>
			<string>PBXNativeTarget</string>
			<key>name</key>
			<string>KeyboardLayoutEngineUITests</string>
			<key>productName</key>
			<string>KeyboardLayoutEngineUITests</string>
			<key>productReference</key>
			<string>B2FBDCE71CDD2224008D6100</string>
			<key>productType</key>
			<string>com.apple.product-type.bundle.ui-testing</string>
		</dict>
		<key>B2FBDCE71CDD2224008D6100</key>
		<dict>
			<key>explicitFileType</key>
			<string>wrapper.cfbundle</string>
			<key>includeInIndex</key>
			<string>0</string>
			<key>isa</key>
			<string>PBXFileReference</string>
			<key>path</key>
			<string>KeyboardLayoutEngineUITests.xctest</string>
			<key>sourceTree</key>
			<string>BUILT_PRODUCTS_DIR</string>
		</dict>
		<key>B2FBDCE81CDD2224008D6100</key>
		<dict>
			<key>containerPortal</key>
			<string>B2FBDCC01CDD2224008D6100</string>
			<key>isa</key>
			<string>PBXContainerItemProxy</string>
			<key>proxyType</key>
			<string>1</string>
			<key>remoteGlobalIDString</key>
			<string>B2FBDCC71CDD2224008D6100</string>
			<key>remoteInfo</key>
			<string>KeyboardLayoutEngine</string>
		</dict>
		<key>B2FBDCE91CDD2224008D6100</key>
		<dict>
			<key>isa</key>
			<string>PBXTargetDependency</string>
			<key>target</key>
			<string>B2FBDCC71CDD2224008D6100</string>
			<key>targetProxy</key>
			<string>B2FBDCE81CDD2224008D6100</string>
		</dict>
		<key>B2FBDCEA1CDD2224008D6100</key>
		<dict>
			<key>children</key>
			<array>
				<string>B2FBDCEB1CDD2224008D6100</string>
				<string>B2FBDCED1CDD2224008D6100</string>
			</array>
			<key>isa</key>
			<string>PBXGroup</string>
			<key>path</key>
			<string>KeyboardLayoutEngineUITests</string>
			<key>sourceTree</key>
			<string>&lt;group&gt;</string>
		</dict>
		<key>B2FBDCEB1CDD2224008D6100</key>
		<dict>
			<key>isa</key>
			<string>PBXFileReference</string>
			<key>lastKnownFileType</key>
			<string>sourcecode.swift</string>
			<key>path</key>
			<string>KeyboardLayoutEngineUITests.swift</string>
			<key>sourceTree</key>
			<string>&lt;group&gt;</string>
		</dict>
		<key>B2FBDCEC1CDD2224008D6100</key>
		<dict>
			<key>fileRef</key>
			<string>B2FBDCEB1CDD2224008D6100</string>
			<key>isa</key>
			<string>PBXBuildFile</string>
		</dict>
		<key>B2FBDCED1CDD2224008D6100</key>
		<dict>
			<key>isa</key>
			<string>PBXFileReference</string>
			<key>lastKnownFileType</key>
			<string>text.plist.xml</string>
			<key>path</key>
			<string>Info.plist</string>
			<key>sourceTree</key>
			<string>&lt;group&gt;</string>
		</dict>
		<key>B2FBDCEE1CDD2224008D6100</key>
		<dict>
			<key>buildSettings</key>
			<dict>
				<key>ALWAYS_SEARCH_USER_PATHS</key>
				<string>NO</string>
				<key>CLANG_ANALYZER_NONNULL</key>
				<string>YES</string>
				<key>CLANG_CXX_LANGUAGE_STANDARD</key>
				<string>gnu++0x</string>
				<key>CLANG_CXX_LIBRARY</key>
				<string>libc++</string>
				<key>CLANG_ENABLE_MODULES</key>
				<string>YES</string>
				<key>CLANG_ENABLE_OBJC_ARC</key>
				<string>YES</string>
				<key>CLANG_WARN_BOOL_CONVERSION</key>
				<string>YES</string>
				<key>CLANG_WARN_CONSTANT_CONVERSION</key>
				<string>YES</string>
				<key>CLANG_WARN_DIRECT_OBJC_ISA_USAGE</key>
				<string>YES_ERROR</string>
				<key>CLANG_WARN_EMPTY_BODY</key>
				<string>YES</string>
				<key>CLANG_WARN_ENUM_CONVERSION</key>
				<string>YES</string>
				<key>CLANG_WARN_INT_CONVERSION</key>
				<string>YES</string>
				<key>CLANG_WARN_OBJC_ROOT_CLASS</key>
				<string>YES_ERROR</string>
				<key>CLANG_WARN_UNREACHABLE_CODE</key>
				<string>YES</string>
				<key>CLANG_WARN__DUPLICATE_METHOD_MATCH</key>
				<string>YES</string>
				<key>CODE_SIGN_IDENTITY[sdk=iphoneos*]</key>
				<string>iPhone Developer</string>
				<key>COPY_PHASE_STRIP</key>
				<string>NO</string>
				<key>DEBUG_INFORMATION_FORMAT</key>
				<string>dwarf</string>
				<key>ENABLE_STRICT_OBJC_MSGSEND</key>
				<string>YES</string>
				<key>ENABLE_TESTABILITY</key>
				<string>YES</string>
				<key>GCC_C_LANGUAGE_STANDARD</key>
				<string>gnu99</string>
				<key>GCC_DYNAMIC_NO_PIC</key>
				<string>NO</string>
				<key>GCC_NO_COMMON_BLOCKS</key>
				<string>YES</string>
				<key>GCC_OPTIMIZATION_LEVEL</key>
				<string>0</string>
				<key>GCC_PREPROCESSOR_DEFINITIONS</key>
				<array>
					<string>DEBUG=1</string>
					<string>$(inherited)</string>
				</array>
				<key>GCC_WARN_64_TO_32_BIT_CONVERSION</key>
				<string>YES</string>
				<key>GCC_WARN_ABOUT_RETURN_TYPE</key>
				<string>YES_ERROR</string>
				<key>GCC_WARN_UNDECLARED_SELECTOR</key>
				<string>YES</string>
				<key>GCC_WARN_UNINITIALIZED_AUTOS</key>
				<string>YES_AGGRESSIVE</string>
				<key>GCC_WARN_UNUSED_FUNCTION</key>
				<string>YES</string>
				<key>GCC_WARN_UNUSED_VARIABLE</key>
				<string>YES</string>
				<key>IPHONEOS_DEPLOYMENT_TARGET</key>
				<string>9.3</string>
				<key>MTL_ENABLE_DEBUG_INFO</key>
				<string>YES</string>
				<key>ONLY_ACTIVE_ARCH</key>
				<string>YES</string>
				<key>SDKROOT</key>
				<string>iphoneos</string>
				<key>SWIFT_OPTIMIZATION_LEVEL</key>
				<string>-Onone</string>
			</dict>
			<key>isa</key>
			<string>XCBuildConfiguration</string>
			<key>name</key>
			<string>Debug</string>
		</dict>
		<key>B2FBDCEF1CDD2224008D6100</key>
		<dict>
			<key>buildSettings</key>
			<dict>
				<key>ALWAYS_SEARCH_USER_PATHS</key>
				<string>NO</string>
				<key>CLANG_ANALYZER_NONNULL</key>
				<string>YES</string>
				<key>CLANG_CXX_LANGUAGE_STANDARD</key>
				<string>gnu++0x</string>
				<key>CLANG_CXX_LIBRARY</key>
				<string>libc++</string>
				<key>CLANG_ENABLE_MODULES</key>
				<string>YES</string>
				<key>CLANG_ENABLE_OBJC_ARC</key>
				<string>YES</string>
				<key>CLANG_WARN_BOOL_CONVERSION</key>
				<string>YES</string>
				<key>CLANG_WARN_CONSTANT_CONVERSION</key>
				<string>YES</string>
				<key>CLANG_WARN_DIRECT_OBJC_ISA_USAGE</key>
				<string>YES_ERROR</string>
				<key>CLANG_WARN_EMPTY_BODY</key>
				<string>YES</string>
				<key>CLANG_WARN_ENUM_CONVERSION</key>
				<string>YES</string>
				<key>CLANG_WARN_INT_CONVERSION</key>
				<string>YES</string>
				<key>CLANG_WARN_OBJC_ROOT_CLASS</key>
				<string>YES_ERROR</string>
				<key>CLANG_WARN_UNREACHABLE_CODE</key>
				<string>YES</string>
				<key>CLANG_WARN__DUPLICATE_METHOD_MATCH</key>
				<string>YES</string>
				<key>CODE_SIGN_IDENTITY[sdk=iphoneos*]</key>
				<string>iPhone Developer</string>
				<key>COPY_PHASE_STRIP</key>
				<string>NO</string>
				<key>DEBUG_INFORMATION_FORMAT</key>
				<string>dwarf-with-dsym</string>
				<key>ENABLE_NS_ASSERTIONS</key>
				<string>NO</string>
				<key>ENABLE_STRICT_OBJC_MSGSEND</key>
				<string>YES</string>
				<key>GCC_C_LANGUAGE_STANDARD</key>
				<string>gnu99</string>
				<key>GCC_NO_COMMON_BLOCKS</key>
				<string>YES</string>
				<key>GCC_WARN_64_TO_32_BIT_CONVERSION</key>
				<string>YES</string>
				<key>GCC_WARN_ABOUT_RETURN_TYPE</key>
				<string>YES_ERROR</string>
				<key>GCC_WARN_UNDECLARED_SELECTOR</key>
				<string>YES</string>
				<key>GCC_WARN_UNINITIALIZED_AUTOS</key>
				<string>YES_AGGRESSIVE</string>
				<key>GCC_WARN_UNUSED_FUNCTION</key>
				<string>YES</string>
				<key>GCC_WARN_UNUSED_VARIABLE</key>
				<string>YES</string>
				<key>IPHONEOS_DEPLOYMENT_TARGET</key>
				<string>9.3</string>
				<key>MTL_ENABLE_DEBUG_INFO</key>
				<string>NO</string>
				<key>SDKROOT</key>
				<string>iphoneos</string>
				<key>VALIDATE_PRODUCT</key>
				<string>YES</string>
			</dict>
			<key>isa</key>
			<string>XCBuildConfiguration</string>
			<key>name</key>
			<string>Release</string>
		</dict>
		<key>B2FBDCF01CDD2224008D6100</key>
		<dict>
			<key>buildConfigurations</key>
			<array>
				<string>B2FBDCF11CDD2224008D6100</string>
				<string>B2FBDCF21CDD2224008D6100</string>
			</array>
			<key>defaultConfigurationIsVisible</key>
			<string>0</string>
			<key>defaultConfigurationName</key>
			<string>Release</string>
			<key>isa</key>
			<string>XCConfigurationList</string>
		</dict>
		<key>B2FBDCF11CDD2224008D6100</key>
		<dict>
			<key>buildSettings</key>
			<dict>
				<key>ASSETCATALOG_COMPILER_APPICON_NAME</key>
				<string>AppIcon</string>
				<key>EMBEDDED_CONTENT_CONTAINS_SWIFT</key>
				<string>YES</string>
				<key>INFOPLIST_FILE</key>
				<string>KeyboardLayoutEngine/Info.plist</string>
				<key>LD_RUNPATH_SEARCH_PATHS</key>
				<string>$(inherited) @executable_path/Frameworks</string>
				<key>PRODUCT_BUNDLE_IDENTIFIER</key>
				<string>co.prototapp.KeyboardLayoutEngine</string>
				<key>PRODUCT_NAME</key>
				<string>$(TARGET_NAME)</string>
			</dict>
			<key>isa</key>
			<string>XCBuildConfiguration</string>
			<key>name</key>
			<string>Debug</string>
		</dict>
		<key>B2FBDCF21CDD2224008D6100</key>
		<dict>
			<key>buildSettings</key>
			<dict>
				<key>ASSETCATALOG_COMPILER_APPICON_NAME</key>
				<string>AppIcon</string>
				<key>EMBEDDED_CONTENT_CONTAINS_SWIFT</key>
				<string>YES</string>
				<key>INFOPLIST_FILE</key>
				<string>KeyboardLayoutEngine/Info.plist</string>
				<key>LD_RUNPATH_SEARCH_PATHS</key>
				<string>$(inherited) @executable_path/Frameworks</string>
				<key>PRODUCT_BUNDLE_IDENTIFIER</key>
				<string>co.prototapp.KeyboardLayoutEngine</string>
				<key>PRODUCT_NAME</key>
				<string>$(TARGET_NAME)</string>
			</dict>
			<key>isa</key>
			<string>XCBuildConfiguration</string>
			<key>name</key>
			<string>Release</string>
		</dict>
		<key>B2FBDCF31CDD2224008D6100</key>
		<dict>
			<key>buildConfigurations</key>
			<array>
				<string>B2FBDCF41CDD2224008D6100</string>
				<string>B2FBDCF51CDD2224008D6100</string>
			</array>
			<key>defaultConfigurationIsVisible</key>
			<string>0</string>
			<key>defaultConfigurationName</key>
			<string>Release</string>
			<key>isa</key>
			<string>XCConfigurationList</string>
		</dict>
		<key>B2FBDCF41CDD2224008D6100</key>
		<dict>
			<key>buildSettings</key>
			<dict>
				<key>BUNDLE_LOADER</key>
				<string>$(TEST_HOST)</string>
				<key>INFOPLIST_FILE</key>
				<string>KeyboardLayoutEngineTests/Info.plist</string>
				<key>LD_RUNPATH_SEARCH_PATHS</key>
				<string>$(inherited) @executable_path/Frameworks @loader_path/Frameworks</string>
				<key>PRODUCT_BUNDLE_IDENTIFIER</key>
				<string>co.prototapp.KeyboardLayoutEngineTests</string>
				<key>PRODUCT_NAME</key>
				<string>$(TARGET_NAME)</string>
				<key>TEST_HOST</key>
				<string>$(BUILT_PRODUCTS_DIR)/KeyboardLayoutEngine.app/KeyboardLayoutEngine</string>
			</dict>
			<key>isa</key>
			<string>XCBuildConfiguration</string>
			<key>name</key>
			<string>Debug</string>
		</dict>
		<key>B2FBDCF51CDD2224008D6100</key>
		<dict>
			<key>buildSettings</key>
			<dict>
				<key>BUNDLE_LOADER</key>
				<string>$(TEST_HOST)</string>
				<key>INFOPLIST_FILE</key>
				<string>KeyboardLayoutEngineTests/Info.plist</string>
				<key>LD_RUNPATH_SEARCH_PATHS</key>
				<string>$(inherited) @executable_path/Frameworks @loader_path/Frameworks</string>
				<key>PRODUCT_BUNDLE_IDENTIFIER</key>
				<string>co.prototapp.KeyboardLayoutEngineTests</string>
				<key>PRODUCT_NAME</key>
				<string>$(TARGET_NAME)</string>
				<key>TEST_HOST</key>
				<string>$(BUILT_PRODUCTS_DIR)/KeyboardLayoutEngine.app/KeyboardLayoutEngine</string>
			</dict>
			<key>isa</key>
			<string>XCBuildConfiguration</string>
			<key>name</key>
			<string>Release</string>
		</dict>
		<key>B2FBDCF61CDD2224008D6100</key>
		<dict>
			<key>buildConfigurations</key>
			<array>
				<string>B2FBDCF71CDD2224008D6100</string>
				<string>B2FBDCF81CDD2224008D6100</string>
			</array>
			<key>defaultConfigurationIsVisible</key>
			<string>0</string>
			<key>defaultConfigurationName</key>
			<string>Release</string>
			<key>isa</key>
			<string>XCConfigurationList</string>
		</dict>
		<key>B2FBDCF71CDD2224008D6100</key>
		<dict>
			<key>buildSettings</key>
			<dict>
				<key>INFOPLIST_FILE</key>
				<string>KeyboardLayoutEngineUITests/Info.plist</string>
				<key>LD_RUNPATH_SEARCH_PATHS</key>
				<string>$(inherited) @executable_path/Frameworks @loader_path/Frameworks</string>
				<key>PRODUCT_BUNDLE_IDENTIFIER</key>
				<string>co.prototapp.KeyboardLayoutEngineUITests</string>
				<key>PRODUCT_NAME</key>
				<string>$(TARGET_NAME)</string>
				<key>TEST_TARGET_NAME</key>
				<string>KeyboardLayoutEngine</string>
			</dict>
			<key>isa</key>
			<string>XCBuildConfiguration</string>
			<key>name</key>
			<string>Debug</string>
		</dict>
		<key>B2FBDCF81CDD2224008D6100</key>
		<dict>
			<key>buildSettings</key>
			<dict>
				<key>INFOPLIST_FILE</key>
				<string>KeyboardLayoutEngineUITests/Info.plist</string>
				<key>LD_RUNPATH_SEARCH_PATHS</key>
				<string>$(inherited) @executable_path/Frameworks @loader_path/Frameworks</string>
				<key>PRODUCT_BUNDLE_IDENTIFIER</key>
				<string>co.prototapp.KeyboardLayoutEngineUITests</string>
				<key>PRODUCT_NAME</key>
				<string>$(TARGET_NAME)</string>
				<key>TEST_TARGET_NAME</key>
				<string>KeyboardLayoutEngine</string>
			</dict>
			<key>isa</key>
			<string>XCBuildConfiguration</string>
			<key>name</key>
			<string>Release</string>
		</dict>
		<key>B2FBDCF91CDD2292008D6100</key>
		<dict>
			<key>buildActionMask</key>
			<string>2147483647</string>
			<key>files</key>
			<array>
				<string>B29AE0041D050FB4003C94E5</string>
				<string>B2FBDD0F1CDD22CC008D6100</string>
				<string>B29423E51CE3C47A00973547</string>
				<string>B2FBDD0D1CDD22C3008D6100</string>
				<string>B2FBDD0B1CDD22B8008D6100</string>
				<string>B29423E71CE3C64100973547</string>
				<string>B2FBDD001CDD2292008D6100</string>
				<string>B29AE0021D050FA9003C94E5</string>
				<string>B29AE0001D050F99003C94E5</string>
			</array>
			<key>isa</key>
			<string>PBXSourcesBuildPhase</string>
			<key>runOnlyForDeploymentPostprocessing</key>
			<string>0</string>
		</dict>
		<key>B2FBDCFA1CDD2292008D6100</key>
		<dict>
			<key>buildActionMask</key>
			<string>2147483647</string>
			<key>files</key>
			<array>
				<string>20725571D69C1572CBCF18C3</string>
			</array>
			<key>isa</key>
			<string>PBXFrameworksBuildPhase</string>
			<key>runOnlyForDeploymentPostprocessing</key>
			<string>0</string>
		</dict>
		<key>B2FBDCFB1CDD2292008D6100</key>
		<dict>
			<key>buildActionMask</key>
			<string>2147483647</string>
			<key>files</key>
			<array>
				<string>B2FBDD401CDD4EDB008D6100</string>
			</array>
			<key>isa</key>
			<string>PBXResourcesBuildPhase</string>
			<key>runOnlyForDeploymentPostprocessing</key>
			<string>0</string>
		</dict>
		<key>B2FBDCFC1CDD2292008D6100</key>
		<dict>
			<key>buildConfigurationList</key>
			<string>B2FBDD051CDD2292008D6100</string>
			<key>buildPhases</key>
			<array>
				<string>6E7B1BA8EE6D41AD774FB061</string>
				<string>B2FBDCF91CDD2292008D6100</string>
				<string>B2FBDCFA1CDD2292008D6100</string>
				<string>B2FBDCFB1CDD2292008D6100</string>
				<string>8FE3D59CCAA1ABA4EF07640C</string>
				<string>CA7F73BC6D37D7A26A423B21</string>
			</array>
			<key>buildRules</key>
			<array/>
			<key>dependencies</key>
			<array/>
			<key>isa</key>
			<string>PBXNativeTarget</string>
			<key>name</key>
			<string>Keyboard</string>
			<key>productName</key>
			<string>Keyboard</string>
			<key>productReference</key>
			<string>B2FBDCFD1CDD2292008D6100</string>
			<key>productType</key>
			<string>com.apple.product-type.app-extension</string>
		</dict>
		<key>B2FBDCFD1CDD2292008D6100</key>
		<dict>
			<key>explicitFileType</key>
			<string>wrapper.app-extension</string>
			<key>includeInIndex</key>
			<string>0</string>
			<key>isa</key>
			<string>PBXFileReference</string>
			<key>path</key>
			<string>Keyboard.appex</string>
			<key>sourceTree</key>
			<string>BUILT_PRODUCTS_DIR</string>
		</dict>
		<key>B2FBDCFE1CDD2292008D6100</key>
		<dict>
			<key>children</key>
			<array>
				<string>B29ADFFE1D050F8D003C94E5</string>
				<string>B2FBDD091CDD22AE008D6100</string>
				<string>B29423E31CE3C46400973547</string>
				<string>B2FBDCFF1CDD2292008D6100</string>
				<string>B2FBDD011CDD2292008D6100</string>
				<string>B2FBDD3F1CDD4EDB008D6100</string>
			</array>
			<key>isa</key>
			<string>PBXGroup</string>
			<key>path</key>
			<string>Keyboard</string>
			<key>sourceTree</key>
			<string>&lt;group&gt;</string>
		</dict>
		<key>B2FBDCFF1CDD2292008D6100</key>
		<dict>
			<key>isa</key>
			<string>PBXFileReference</string>
			<key>lastKnownFileType</key>
			<string>sourcecode.swift</string>
			<key>path</key>
			<string>KeyboardViewController.swift</string>
			<key>sourceTree</key>
			<string>&lt;group&gt;</string>
		</dict>
		<key>B2FBDD001CDD2292008D6100</key>
		<dict>
			<key>fileRef</key>
			<string>B2FBDCFF1CDD2292008D6100</string>
			<key>isa</key>
			<string>PBXBuildFile</string>
		</dict>
		<key>B2FBDD011CDD2292008D6100</key>
		<dict>
			<key>isa</key>
			<string>PBXFileReference</string>
			<key>lastKnownFileType</key>
			<string>text.plist.xml</string>
			<key>path</key>
			<string>Info.plist</string>
			<key>sourceTree</key>
			<string>&lt;group&gt;</string>
		</dict>
		<key>B2FBDD021CDD2292008D6100</key>
		<dict>
			<key>containerPortal</key>
			<string>B2FBDCC01CDD2224008D6100</string>
			<key>isa</key>
			<string>PBXContainerItemProxy</string>
			<key>proxyType</key>
			<string>1</string>
			<key>remoteGlobalIDString</key>
			<string>B2FBDCFC1CDD2292008D6100</string>
			<key>remoteInfo</key>
			<string>Keyboard</string>
		</dict>
		<key>B2FBDD031CDD2292008D6100</key>
		<dict>
			<key>isa</key>
			<string>PBXTargetDependency</string>
			<key>target</key>
			<string>B2FBDCFC1CDD2292008D6100</string>
			<key>targetProxy</key>
			<string>B2FBDD021CDD2292008D6100</string>
		</dict>
		<key>B2FBDD041CDD2292008D6100</key>
		<dict>
			<key>fileRef</key>
			<string>B2FBDCFD1CDD2292008D6100</string>
			<key>isa</key>
			<string>PBXBuildFile</string>
			<key>settings</key>
			<dict>
				<key>ATTRIBUTES</key>
				<array>
					<string>RemoveHeadersOnCopy</string>
				</array>
			</dict>
		</dict>
		<key>B2FBDD051CDD2292008D6100</key>
		<dict>
			<key>buildConfigurations</key>
			<array>
				<string>B2FBDD061CDD2292008D6100</string>
				<string>B2FBDD071CDD2292008D6100</string>
			</array>
			<key>defaultConfigurationIsVisible</key>
			<string>0</string>
			<key>defaultConfigurationName</key>
			<string>Release</string>
			<key>isa</key>
			<string>XCConfigurationList</string>
		</dict>
		<key>B2FBDD061CDD2292008D6100</key>
		<dict>
			<key>baseConfigurationReference</key>
			<string>34CB21C117DF6EE7A1A99DC6</string>
			<key>buildSettings</key>
			<dict>
				<key>INFOPLIST_FILE</key>
				<string>Keyboard/Info.plist</string>
				<key>LD_RUNPATH_SEARCH_PATHS</key>
				<string>$(inherited) @executable_path/Frameworks @executable_path/../../Frameworks</string>
				<key>PRODUCT_BUNDLE_IDENTIFIER</key>
				<string>co.prototapp.KeyboardLayoutEngine.Keyboard</string>
				<key>PRODUCT_NAME</key>
				<string>$(TARGET_NAME)</string>
				<key>SKIP_INSTALL</key>
				<string>YES</string>
			</dict>
			<key>isa</key>
			<string>XCBuildConfiguration</string>
			<key>name</key>
			<string>Debug</string>
		</dict>
		<key>B2FBDD071CDD2292008D6100</key>
		<dict>
			<key>baseConfigurationReference</key>
			<string>0BEDBDFBB792E0B471493E94</string>
			<key>buildSettings</key>
			<dict>
				<key>INFOPLIST_FILE</key>
				<string>Keyboard/Info.plist</string>
				<key>LD_RUNPATH_SEARCH_PATHS</key>
				<string>$(inherited) @executable_path/Frameworks @executable_path/../../Frameworks</string>
				<key>PRODUCT_BUNDLE_IDENTIFIER</key>
				<string>co.prototapp.KeyboardLayoutEngine.Keyboard</string>
				<key>PRODUCT_NAME</key>
				<string>$(TARGET_NAME)</string>
				<key>SKIP_INSTALL</key>
				<string>YES</string>
			</dict>
			<key>isa</key>
			<string>XCBuildConfiguration</string>
			<key>name</key>
			<string>Release</string>
		</dict>
		<key>B2FBDD081CDD2292008D6100</key>
		<dict>
			<key>buildActionMask</key>
			<string>2147483647</string>
			<key>dstPath</key>
			<string></string>
			<key>dstSubfolderSpec</key>
			<string>13</string>
			<key>files</key>
			<array>
				<string>B2FBDD041CDD2292008D6100</string>
			</array>
			<key>isa</key>
			<string>PBXCopyFilesBuildPhase</string>
			<key>name</key>
			<string>Embed App Extensions</string>
			<key>runOnlyForDeploymentPostprocessing</key>
			<string>0</string>
		</dict>
		<key>B2FBDD091CDD22AE008D6100</key>
		<dict>
			<key>children</key>
			<array>
				<string>B2FBDD0A1CDD22B8008D6100</string>
				<string>B2FBDD0C1CDD22C3008D6100</string>
				<string>B2FBDD0E1CDD22CC008D6100</string>
			</array>
			<key>isa</key>
			<string>PBXGroup</string>
			<key>path</key>
			<string>KeyboardLayoutEngine</string>
			<key>sourceTree</key>
			<string>&lt;group&gt;</string>
		</dict>
		<key>B2FBDD0A1CDD22B8008D6100</key>
		<dict>
			<key>fileEncoding</key>
			<string>4</string>
			<key>isa</key>
			<string>PBXFileReference</string>
			<key>lastKnownFileType</key>
			<string>sourcecode.swift</string>
			<key>path</key>
			<string>KeyboardLayout.swift</string>
			<key>sourceTree</key>
			<string>&lt;group&gt;</string>
		</dict>
		<key>B2FBDD0B1CDD22B8008D6100</key>
		<dict>
			<key>fileRef</key>
			<string>B2FBDD0A1CDD22B8008D6100</string>
			<key>isa</key>
			<string>PBXBuildFile</string>
		</dict>
		<key>B2FBDD0C1CDD22C3008D6100</key>
		<dict>
			<key>fileEncoding</key>
			<string>4</string>
			<key>isa</key>
			<string>PBXFileReference</string>
			<key>lastKnownFileType</key>
			<string>sourcecode.swift</string>
			<key>path</key>
			<string>KeyboardRow.swift</string>
			<key>sourceTree</key>
			<string>&lt;group&gt;</string>
		</dict>
		<key>B2FBDD0D1CDD22C3008D6100</key>
		<dict>
			<key>fileRef</key>
			<string>B2FBDD0C1CDD22C3008D6100</string>
			<key>isa</key>
			<string>PBXBuildFile</string>
		</dict>
		<key>B2FBDD0E1CDD22CC008D6100</key>
		<dict>
			<key>fileEncoding</key>
			<string>4</string>
			<key>isa</key>
			<string>PBXFileReference</string>
			<key>lastKnownFileType</key>
			<string>sourcecode.swift</string>
			<key>path</key>
			<string>KeyboardButton.swift</string>
			<key>sourceTree</key>
			<string>&lt;group&gt;</string>
		</dict>
		<key>B2FBDD0F1CDD22CC008D6100</key>
		<dict>
			<key>fileRef</key>
			<string>B2FBDD0E1CDD22CC008D6100</string>
			<key>isa</key>
			<string>PBXBuildFile</string>
		</dict>
		<key>B2FBDD3F1CDD4EDB008D6100</key>
		<dict>
			<key>isa</key>
			<string>PBXFileReference</string>
			<key>lastKnownFileType</key>
			<string>folder.assetcatalog</string>
			<key>path</key>
			<string>Resources.xcassets</string>
			<key>sourceTree</key>
			<string>&lt;group&gt;</string>
		</dict>
		<key>B2FBDD401CDD4EDB008D6100</key>
		<dict>
			<key>fileRef</key>
			<string>B2FBDD3F1CDD4EDB008D6100</string>
			<key>isa</key>
			<string>PBXBuildFile</string>
		</dict>
		<key>CA7F73BC6D37D7A26A423B21</key>
		<dict>
			<key>buildActionMask</key>
			<string>2147483647</string>
			<key>files</key>
			<array/>
			<key>inputPaths</key>
			<array/>
			<key>isa</key>
			<string>PBXShellScriptBuildPhase</string>
			<key>name</key>
			<string>Copy Pods Resources</string>
			<key>outputPaths</key>
			<array/>
			<key>runOnlyForDeploymentPostprocessing</key>
			<string>0</string>
			<key>shellPath</key>
			<string>/bin/sh</string>
			<key>shellScript</key>
			<string>"${SRCROOT}/Pods/Target Support Files/Pods-Keyboard/Pods-Keyboard-resources.sh"
</string>
			<key>showEnvVarsInLog</key>
			<string>0</string>
		</dict>
		<key>DCE97A9A3951E20BE9204270</key>
		<dict>
			<key>children</key>
			<array>
				<string>F29D8C34F3E6C94E058CF7AB</string>
			</array>
			<key>isa</key>
			<string>PBXGroup</string>
			<key>name</key>
			<string>Frameworks</string>
			<key>sourceTree</key>
			<string>&lt;group&gt;</string>
		</dict>
		<key>F29D8C34F3E6C94E058CF7AB</key>
		<dict>
			<key>explicitFileType</key>
			<string>wrapper.framework</string>
			<key>includeInIndex</key>
			<string>0</string>
			<key>isa</key>
			<string>PBXFileReference</string>
			<key>path</key>
			<string>Pods_Keyboard.framework</string>
			<key>sourceTree</key>
			<string>BUILT_PRODUCTS_DIR</string>
		</dict>
	</dict>
	<key>rootObject</key>
	<string>B2FBDCC01CDD2224008D6100</string>
</dict>
</plist>
