// !$*UTF8*$!
{
	archiveVersion = 1;
	classes = {
	};
	objectVersion = 46;
	objects = {

/* Begin PBXBuildFile section */
		B29423E51CE3C47A00973547 /* DefaultKeyboard.swift in Sources */ = {isa = PBXBuildFile; fileRef = B29423E41CE3C47A00973547 /* DefaultKeyboard.swift */; };
		B29423E71CE3C64100973547 /* DefaultKeyboardLayout.swift in Sources */ = {isa = PBXBuildFile; fileRef = B29423E61CE3C64100973547 /* DefaultKeyboardLayout.swift */; };
		B2FBDCCC1CDD2224008D6100 /* AppDelegate.swift in Sources */ = {isa = PBXBuildFile; fileRef = B2FBDCCB1CDD2224008D6100 /* AppDelegate.swift */; };
		B2FBDCCE1CDD2224008D6100 /* ViewController.swift in Sources */ = {isa = PBXBuildFile; fileRef = B2FBDCCD1CDD2224008D6100 /* ViewController.swift */; };
		B2FBDCD11CDD2224008D6100 /* Main.storyboard in Resources */ = {isa = PBXBuildFile; fileRef = B2FBDCCF1CDD2224008D6100 /* Main.storyboard */; };
		B2FBDCD31CDD2224008D6100 /* Assets.xcassets in Resources */ = {isa = PBXBuildFile; fileRef = B2FBDCD21CDD2224008D6100 /* Assets.xcassets */; };
		B2FBDCD61CDD2224008D6100 /* LaunchScreen.storyboard in Resources */ = {isa = PBXBuildFile; fileRef = B2FBDCD41CDD2224008D6100 /* LaunchScreen.storyboard */; };
		B2FBDCE11CDD2224008D6100 /* KeyboardLayoutEngineTests.swift in Sources */ = {isa = PBXBuildFile; fileRef = B2FBDCE01CDD2224008D6100 /* KeyboardLayoutEngineTests.swift */; };
		B2FBDCEC1CDD2224008D6100 /* KeyboardLayoutEngineUITests.swift in Sources */ = {isa = PBXBuildFile; fileRef = B2FBDCEB1CDD2224008D6100 /* KeyboardLayoutEngineUITests.swift */; };
		B2FBDD001CDD2292008D6100 /* KeyboardViewController.swift in Sources */ = {isa = PBXBuildFile; fileRef = B2FBDCFF1CDD2292008D6100 /* KeyboardViewController.swift */; };
		B2FBDD041CDD2292008D6100 /* Keyboard.appex in Embed App Extensions */ = {isa = PBXBuildFile; fileRef = B2FBDCFD1CDD2292008D6100 /* Keyboard.appex */; settings = {ATTRIBUTES = (RemoveHeadersOnCopy, ); }; };
		B2FBDD0B1CDD22B8008D6100 /* KeyboardLayout.swift in Sources */ = {isa = PBXBuildFile; fileRef = B2FBDD0A1CDD22B8008D6100 /* KeyboardLayout.swift */; };
		B2FBDD0D1CDD22C3008D6100 /* KeyboardRow.swift in Sources */ = {isa = PBXBuildFile; fileRef = B2FBDD0C1CDD22C3008D6100 /* KeyboardRow.swift */; };
		B2FBDD0F1CDD22CC008D6100 /* KeyboardButton.swift in Sources */ = {isa = PBXBuildFile; fileRef = B2FBDD0E1CDD22CC008D6100 /* KeyboardButton.swift */; };
		B2FBDD401CDD4EDB008D6100 /* Resources.xcassets in Resources */ = {isa = PBXBuildFile; fileRef = B2FBDD3F1CDD4EDB008D6100 /* Resources.xcassets */; };
/* End PBXBuildFile section */

/* Begin PBXContainerItemProxy section */
		B2FBDCDD1CDD2224008D6100 /* PBXContainerItemProxy */ = {
			isa = PBXContainerItemProxy;
			containerPortal = B2FBDCC01CDD2224008D6100 /* Project object */;
			proxyType = 1;
			remoteGlobalIDString = B2FBDCC71CDD2224008D6100;
			remoteInfo = KeyboardLayoutEngine;
		};
		B2FBDCE81CDD2224008D6100 /* PBXContainerItemProxy */ = {
			isa = PBXContainerItemProxy;
			containerPortal = B2FBDCC01CDD2224008D6100 /* Project object */;
			proxyType = 1;
			remoteGlobalIDString = B2FBDCC71CDD2224008D6100;
			remoteInfo = KeyboardLayoutEngine;
		};
		B2FBDD021CDD2292008D6100 /* PBXContainerItemProxy */ = {
			isa = PBXContainerItemProxy;
			containerPortal = B2FBDCC01CDD2224008D6100 /* Project object */;
			proxyType = 1;
			remoteGlobalIDString = B2FBDCFC1CDD2292008D6100;
			remoteInfo = Keyboard;
		};
/* End PBXContainerItemProxy section */

/* Begin PBXCopyFilesBuildPhase section */
		B2FBDD081CDD2292008D6100 /* Embed App Extensions */ = {
			isa = PBXCopyFilesBuildPhase;
			buildActionMask = 2147483647;
			dstPath = "";
			dstSubfolderSpec = 13;
			files = (
				B2FBDD041CDD2292008D6100 /* Keyboard.appex in Embed App Extensions */,
			);
			name = "Embed App Extensions";
			runOnlyForDeploymentPostprocessing = 0;
		};
/* End PBXCopyFilesBuildPhase section */

/* Begin PBXFileReference section */
		B29423E41CE3C47A00973547 /* DefaultKeyboard.swift */ = {isa = PBXFileReference; fileEncoding = 4; lastKnownFileType = sourcecode.swift; path = DefaultKeyboard.swift; sourceTree = "<group>"; };
		B29423E61CE3C64100973547 /* DefaultKeyboardLayout.swift */ = {isa = PBXFileReference; fileEncoding = 4; lastKnownFileType = sourcecode.swift; path = DefaultKeyboardLayout.swift; sourceTree = "<group>"; };
		B2FBDCC81CDD2224008D6100 /* KeyboardLayoutEngine.app */ = {isa = PBXFileReference; explicitFileType = wrapper.application; includeInIndex = 0; path = KeyboardLayoutEngine.app; sourceTree = BUILT_PRODUCTS_DIR; };
		B2FBDCCB1CDD2224008D6100 /* AppDelegate.swift */ = {isa = PBXFileReference; lastKnownFileType = sourcecode.swift; path = AppDelegate.swift; sourceTree = "<group>"; };
		B2FBDCCD1CDD2224008D6100 /* ViewController.swift */ = {isa = PBXFileReference; lastKnownFileType = sourcecode.swift; path = ViewController.swift; sourceTree = "<group>"; };
		B2FBDCD01CDD2224008D6100 /* Base */ = {isa = PBXFileReference; lastKnownFileType = file.storyboard; name = Base; path = Base.lproj/Main.storyboard; sourceTree = "<group>"; };
		B2FBDCD21CDD2224008D6100 /* Assets.xcassets */ = {isa = PBXFileReference; lastKnownFileType = folder.assetcatalog; path = Assets.xcassets; sourceTree = "<group>"; };
		B2FBDCD51CDD2224008D6100 /* Base */ = {isa = PBXFileReference; lastKnownFileType = file.storyboard; name = Base; path = Base.lproj/LaunchScreen.storyboard; sourceTree = "<group>"; };
		B2FBDCD71CDD2224008D6100 /* Info.plist */ = {isa = PBXFileReference; lastKnownFileType = text.plist.xml; path = Info.plist; sourceTree = "<group>"; };
		B2FBDCDC1CDD2224008D6100 /* KeyboardLayoutEngineTests.xctest */ = {isa = PBXFileReference; explicitFileType = wrapper.cfbundle; includeInIndex = 0; path = KeyboardLayoutEngineTests.xctest; sourceTree = BUILT_PRODUCTS_DIR; };
		B2FBDCE01CDD2224008D6100 /* KeyboardLayoutEngineTests.swift */ = {isa = PBXFileReference; lastKnownFileType = sourcecode.swift; path = KeyboardLayoutEngineTests.swift; sourceTree = "<group>"; };
		B2FBDCE21CDD2224008D6100 /* Info.plist */ = {isa = PBXFileReference; lastKnownFileType = text.plist.xml; path = Info.plist; sourceTree = "<group>"; };
		B2FBDCE71CDD2224008D6100 /* KeyboardLayoutEngineUITests.xctest */ = {isa = PBXFileReference; explicitFileType = wrapper.cfbundle; includeInIndex = 0; path = KeyboardLayoutEngineUITests.xctest; sourceTree = BUILT_PRODUCTS_DIR; };
		B2FBDCEB1CDD2224008D6100 /* KeyboardLayoutEngineUITests.swift */ = {isa = PBXFileReference; lastKnownFileType = sourcecode.swift; path = KeyboardLayoutEngineUITests.swift; sourceTree = "<group>"; };
		B2FBDCED1CDD2224008D6100 /* Info.plist */ = {isa = PBXFileReference; lastKnownFileType = text.plist.xml; path = Info.plist; sourceTree = "<group>"; };
		B2FBDCFD1CDD2292008D6100 /* Keyboard.appex */ = {isa = PBXFileReference; explicitFileType = "wrapper.app-extension"; includeInIndex = 0; path = Keyboard.appex; sourceTree = BUILT_PRODUCTS_DIR; };
		B2FBDCFF1CDD2292008D6100 /* KeyboardViewController.swift */ = {isa = PBXFileReference; lastKnownFileType = sourcecode.swift; path = KeyboardViewController.swift; sourceTree = "<group>"; };
		B2FBDD011CDD2292008D6100 /* Info.plist */ = {isa = PBXFileReference; lastKnownFileType = text.plist.xml; path = Info.plist; sourceTree = "<group>"; };
		B2FBDD0A1CDD22B8008D6100 /* KeyboardLayout.swift */ = {isa = PBXFileReference; fileEncoding = 4; lastKnownFileType = sourcecode.swift; path = KeyboardLayout.swift; sourceTree = "<group>"; };
		B2FBDD0C1CDD22C3008D6100 /* KeyboardRow.swift */ = {isa = PBXFileReference; fileEncoding = 4; lastKnownFileType = sourcecode.swift; path = KeyboardRow.swift; sourceTree = "<group>"; };
		B2FBDD0E1CDD22CC008D6100 /* KeyboardButton.swift */ = {isa = PBXFileReference; fileEncoding = 4; lastKnownFileType = sourcecode.swift; path = KeyboardButton.swift; sourceTree = "<group>"; };
		B2FBDD3F1CDD4EDB008D6100 /* Resources.xcassets */ = {isa = PBXFileReference; lastKnownFileType = folder.assetcatalog; path = Resources.xcassets; sourceTree = "<group>"; };
/* End PBXFileReference section */

/* Begin PBXFrameworksBuildPhase section */
		B2FBDCC51CDD2224008D6100 /* Frameworks */ = {
			isa = PBXFrameworksBuildPhase;
			buildActionMask = 2147483647;
			files = (
			);
			runOnlyForDeploymentPostprocessing = 0;
		};
		B2FBDCD91CDD2224008D6100 /* Frameworks */ = {
			isa = PBXFrameworksBuildPhase;
			buildActionMask = 2147483647;
			files = (
			);
			runOnlyForDeploymentPostprocessing = 0;
		};
		B2FBDCE41CDD2224008D6100 /* Frameworks */ = {
			isa = PBXFrameworksBuildPhase;
			buildActionMask = 2147483647;
			files = (
			);
			runOnlyForDeploymentPostprocessing = 0;
		};
		B2FBDCFA1CDD2292008D6100 /* Frameworks */ = {
			isa = PBXFrameworksBuildPhase;
			buildActionMask = 2147483647;
			files = (
			);
			runOnlyForDeploymentPostprocessing = 0;
		};
/* End PBXFrameworksBuildPhase section */

/* Begin PBXGroup section */
		B29423E31CE3C46400973547 /* DefaultKeyboard */ = {
			isa = PBXGroup;
			children = (
				B29423E41CE3C47A00973547 /* DefaultKeyboard.swift */,
				B29423E61CE3C64100973547 /* DefaultKeyboardLayout.swift */,
			);
			path = DefaultKeyboard;
			sourceTree = "<group>";
		};
		B2FBDCBF1CDD2224008D6100 = {
			isa = PBXGroup;
			children = (
				B2FBDCCA1CDD2224008D6100 /* KeyboardLayoutEngine */,
				B2FBDCDF1CDD2224008D6100 /* KeyboardLayoutEngineTests */,
				B2FBDCEA1CDD2224008D6100 /* KeyboardLayoutEngineUITests */,
				B2FBDCFE1CDD2292008D6100 /* Keyboard */,
				B2FBDCC91CDD2224008D6100 /* Products */,
			);
			sourceTree = "<group>";
		};
		B2FBDCC91CDD2224008D6100 /* Products */ = {
			isa = PBXGroup;
			children = (
				B2FBDCC81CDD2224008D6100 /* KeyboardLayoutEngine.app */,
				B2FBDCDC1CDD2224008D6100 /* KeyboardLayoutEngineTests.xctest */,
				B2FBDCE71CDD2224008D6100 /* KeyboardLayoutEngineUITests.xctest */,
				B2FBDCFD1CDD2292008D6100 /* Keyboard.appex */,
			);
			name = Products;
			sourceTree = "<group>";
		};
		B2FBDCCA1CDD2224008D6100 /* KeyboardLayoutEngine */ = {
			isa = PBXGroup;
			children = (
				B2FBDCCB1CDD2224008D6100 /* AppDelegate.swift */,
				B2FBDCCD1CDD2224008D6100 /* ViewController.swift */,
				B2FBDCCF1CDD2224008D6100 /* Main.storyboard */,
				B2FBDCD21CDD2224008D6100 /* Assets.xcassets */,
				B2FBDCD41CDD2224008D6100 /* LaunchScreen.storyboard */,
				B2FBDCD71CDD2224008D6100 /* Info.plist */,
			);
			path = KeyboardLayoutEngine;
			sourceTree = "<group>";
		};
		B2FBDCDF1CDD2224008D6100 /* KeyboardLayoutEngineTests */ = {
			isa = PBXGroup;
			children = (
				B2FBDCE01CDD2224008D6100 /* KeyboardLayoutEngineTests.swift */,
				B2FBDCE21CDD2224008D6100 /* Info.plist */,
			);
			path = KeyboardLayoutEngineTests;
			sourceTree = "<group>";
		};
		B2FBDCEA1CDD2224008D6100 /* KeyboardLayoutEngineUITests */ = {
			isa = PBXGroup;
			children = (
				B2FBDCEB1CDD2224008D6100 /* KeyboardLayoutEngineUITests.swift */,
				B2FBDCED1CDD2224008D6100 /* Info.plist */,
			);
			path = KeyboardLayoutEngineUITests;
			sourceTree = "<group>";
		};
		B2FBDCFE1CDD2292008D6100 /* Keyboard */ = {
			isa = PBXGroup;
			children = (
				B2FBDD091CDD22AE008D6100 /* KeyboardLayoutEngine */,
				B29423E31CE3C46400973547 /* DefaultKeyboard */,
				B2FBDCFF1CDD2292008D6100 /* KeyboardViewController.swift */,
				B2FBDD011CDD2292008D6100 /* Info.plist */,
				B2FBDD3F1CDD4EDB008D6100 /* Resources.xcassets */,
			);
			path = Keyboard;
			sourceTree = "<group>";
		};
		B2FBDD091CDD22AE008D6100 /* KeyboardLayoutEngine */ = {
			isa = PBXGroup;
			children = (
				B2FBDD0A1CDD22B8008D6100 /* KeyboardLayout.swift */,
				B2FBDD0C1CDD22C3008D6100 /* KeyboardRow.swift */,
				B2FBDD0E1CDD22CC008D6100 /* KeyboardButton.swift */,
			);
			path = KeyboardLayoutEngine;
			sourceTree = "<group>";
		};
/* End PBXGroup section */

/* Begin PBXNativeTarget section */
		B2FBDCC71CDD2224008D6100 /* KeyboardLayoutEngine */ = {
			isa = PBXNativeTarget;
			buildConfigurationList = B2FBDCF01CDD2224008D6100 /* Build configuration list for PBXNativeTarget "KeyboardLayoutEngine" */;
			buildPhases = (
				B2FBDCC41CDD2224008D6100 /* Sources */,
				B2FBDCC51CDD2224008D6100 /* Frameworks */,
				B2FBDCC61CDD2224008D6100 /* Resources */,
				B2FBDD081CDD2292008D6100 /* Embed App Extensions */,
			);
			buildRules = (
			);
			dependencies = (
				B2FBDD031CDD2292008D6100 /* PBXTargetDependency */,
			);
			name = KeyboardLayoutEngine;
			productName = KeyboardLayoutEngine;
			productReference = B2FBDCC81CDD2224008D6100 /* KeyboardLayoutEngine.app */;
			productType = "com.apple.product-type.application";
		};
		B2FBDCDB1CDD2224008D6100 /* KeyboardLayoutEngineTests */ = {
			isa = PBXNativeTarget;
			buildConfigurationList = B2FBDCF31CDD2224008D6100 /* Build configuration list for PBXNativeTarget "KeyboardLayoutEngineTests" */;
			buildPhases = (
				B2FBDCD81CDD2224008D6100 /* Sources */,
				B2FBDCD91CDD2224008D6100 /* Frameworks */,
				B2FBDCDA1CDD2224008D6100 /* Resources */,
			);
			buildRules = (
			);
			dependencies = (
				B2FBDCDE1CDD2224008D6100 /* PBXTargetDependency */,
			);
			name = KeyboardLayoutEngineTests;
			productName = KeyboardLayoutEngineTests;
			productReference = B2FBDCDC1CDD2224008D6100 /* KeyboardLayoutEngineTests.xctest */;
			productType = "com.apple.product-type.bundle.unit-test";
		};
		B2FBDCE61CDD2224008D6100 /* KeyboardLayoutEngineUITests */ = {
			isa = PBXNativeTarget;
			buildConfigurationList = B2FBDCF61CDD2224008D6100 /* Build configuration list for PBXNativeTarget "KeyboardLayoutEngineUITests" */;
			buildPhases = (
				B2FBDCE31CDD2224008D6100 /* Sources */,
				B2FBDCE41CDD2224008D6100 /* Frameworks */,
				B2FBDCE51CDD2224008D6100 /* Resources */,
			);
			buildRules = (
			);
			dependencies = (
				B2FBDCE91CDD2224008D6100 /* PBXTargetDependency */,
			);
			name = KeyboardLayoutEngineUITests;
			productName = KeyboardLayoutEngineUITests;
			productReference = B2FBDCE71CDD2224008D6100 /* KeyboardLayoutEngineUITests.xctest */;
			productType = "com.apple.product-type.bundle.ui-testing";
		};
		B2FBDCFC1CDD2292008D6100 /* Keyboard */ = {
			isa = PBXNativeTarget;
			buildConfigurationList = B2FBDD051CDD2292008D6100 /* Build configuration list for PBXNativeTarget "Keyboard" */;
			buildPhases = (
				B2FBDCF91CDD2292008D6100 /* Sources */,
				B2FBDCFA1CDD2292008D6100 /* Frameworks */,
				B2FBDCFB1CDD2292008D6100 /* Resources */,
			);
			buildRules = (
			);
			dependencies = (
			);
			name = Keyboard;
			productName = Keyboard;
			productReference = B2FBDCFD1CDD2292008D6100 /* Keyboard.appex */;
			productType = "com.apple.product-type.app-extension";
		};
/* End PBXNativeTarget section */

/* Begin PBXProject section */
		B2FBDCC01CDD2224008D6100 /* Project object */ = {
			isa = PBXProject;
			attributes = {
				LastSwiftUpdateCheck = 0730;
				LastUpgradeCheck = 0730;
				ORGANIZATIONNAME = Prototapp;
				TargetAttributes = {
					B2FBDCC71CDD2224008D6100 = {
						CreatedOnToolsVersion = 7.3;
					};
					B2FBDCDB1CDD2224008D6100 = {
						CreatedOnToolsVersion = 7.3;
						TestTargetID = B2FBDCC71CDD2224008D6100;
					};
					B2FBDCE61CDD2224008D6100 = {
						CreatedOnToolsVersion = 7.3;
						TestTargetID = B2FBDCC71CDD2224008D6100;
					};
					B2FBDCFC1CDD2292008D6100 = {
						CreatedOnToolsVersion = 7.3;
					};
				};
			};
			buildConfigurationList = B2FBDCC31CDD2224008D6100 /* Build configuration list for PBXProject "KeyboardLayoutEngine" */;
			compatibilityVersion = "Xcode 3.2";
			developmentRegion = English;
			hasScannedForEncodings = 0;
			knownRegions = (
				en,
				Base,
			);
			mainGroup = B2FBDCBF1CDD2224008D6100;
			productRefGroup = B2FBDCC91CDD2224008D6100 /* Products */;
			projectDirPath = "";
			projectRoot = "";
			targets = (
				B2FBDCC71CDD2224008D6100 /* KeyboardLayoutEngine */,
				B2FBDCDB1CDD2224008D6100 /* KeyboardLayoutEngineTests */,
				B2FBDCE61CDD2224008D6100 /* KeyboardLayoutEngineUITests */,
				B2FBDCFC1CDD2292008D6100 /* Keyboard */,
			);
		};
/* End PBXProject section */

/* Begin PBXResourcesBuildPhase section */
		B2FBDCC61CDD2224008D6100 /* Resources */ = {
			isa = PBXResourcesBuildPhase;
			buildActionMask = 2147483647;
			files = (
				B2FBDCD61CDD2224008D6100 /* LaunchScreen.storyboard in Resources */,
				B2FBDCD31CDD2224008D6100 /* Assets.xcassets in Resources */,
				B2FBDCD11CDD2224008D6100 /* Main.storyboard in Resources */,
			);
			runOnlyForDeploymentPostprocessing = 0;
		};
		B2FBDCDA1CDD2224008D6100 /* Resources */ = {
			isa = PBXResourcesBuildPhase;
			buildActionMask = 2147483647;
			files = (
			);
			runOnlyForDeploymentPostprocessing = 0;
		};
		B2FBDCE51CDD2224008D6100 /* Resources */ = {
			isa = PBXResourcesBuildPhase;
			buildActionMask = 2147483647;
			files = (
			);
			runOnlyForDeploymentPostprocessing = 0;
		};
		B2FBDCFB1CDD2292008D6100 /* Resources */ = {
			isa = PBXResourcesBuildPhase;
			buildActionMask = 2147483647;
			files = (
				B2FBDD401CDD4EDB008D6100 /* Resources.xcassets in Resources */,
			);
			runOnlyForDeploymentPostprocessing = 0;
		};
/* End PBXResourcesBuildPhase section */

/* Begin PBXSourcesBuildPhase section */
		B2FBDCC41CDD2224008D6100 /* Sources */ = {
			isa = PBXSourcesBuildPhase;
			buildActionMask = 2147483647;
			files = (
				B2FBDCCE1CDD2224008D6100 /* ViewController.swift in Sources */,
				B2FBDCCC1CDD2224008D6100 /* AppDelegate.swift in Sources */,
			);
			runOnlyForDeploymentPostprocessing = 0;
		};
		B2FBDCD81CDD2224008D6100 /* Sources */ = {
			isa = PBXSourcesBuildPhase;
			buildActionMask = 2147483647;
			files = (
				B2FBDCE11CDD2224008D6100 /* KeyboardLayoutEngineTests.swift in Sources */,
			);
			runOnlyForDeploymentPostprocessing = 0;
		};
		B2FBDCE31CDD2224008D6100 /* Sources */ = {
			isa = PBXSourcesBuildPhase;
			buildActionMask = 2147483647;
			files = (
				B2FBDCEC1CDD2224008D6100 /* KeyboardLayoutEngineUITests.swift in Sources */,
			);
			runOnlyForDeploymentPostprocessing = 0;
		};
		B2FBDCF91CDD2292008D6100 /* Sources */ = {
			isa = PBXSourcesBuildPhase;
			buildActionMask = 2147483647;
			files = (
				B2FBDD0F1CDD22CC008D6100 /* KeyboardButton.swift in Sources */,
				B29423E51CE3C47A00973547 /* DefaultKeyboard.swift in Sources */,
				B2FBDD0D1CDD22C3008D6100 /* KeyboardRow.swift in Sources */,
				B2FBDD0B1CDD22B8008D6100 /* KeyboardLayout.swift in Sources */,
				B29423E71CE3C64100973547 /* DefaultKeyboardLayout.swift in Sources */,
				B2FBDD001CDD2292008D6100 /* KeyboardViewController.swift in Sources */,
			);
			runOnlyForDeploymentPostprocessing = 0;
		};
/* End PBXSourcesBuildPhase section */

/* Begin PBXTargetDependency section */
		B2FBDCDE1CDD2224008D6100 /* PBXTargetDependency */ = {
			isa = PBXTargetDependency;
			target = B2FBDCC71CDD2224008D6100 /* KeyboardLayoutEngine */;
			targetProxy = B2FBDCDD1CDD2224008D6100 /* PBXContainerItemProxy */;
		};
		B2FBDCE91CDD2224008D6100 /* PBXTargetDependency */ = {
			isa = PBXTargetDependency;
			target = B2FBDCC71CDD2224008D6100 /* KeyboardLayoutEngine */;
			targetProxy = B2FBDCE81CDD2224008D6100 /* PBXContainerItemProxy */;
		};
		B2FBDD031CDD2292008D6100 /* PBXTargetDependency */ = {
			isa = PBXTargetDependency;
			target = B2FBDCFC1CDD2292008D6100 /* Keyboard */;
			targetProxy = B2FBDD021CDD2292008D6100 /* PBXContainerItemProxy */;
		};
/* End PBXTargetDependency section */

/* Begin PBXVariantGroup section */
		B2FBDCCF1CDD2224008D6100 /* Main.storyboard */ = {
			isa = PBXVariantGroup;
			children = (
				B2FBDCD01CDD2224008D6100 /* Base */,
			);
			name = Main.storyboard;
			sourceTree = "<group>";
		};
		B2FBDCD41CDD2224008D6100 /* LaunchScreen.storyboard */ = {
			isa = PBXVariantGroup;
			children = (
				B2FBDCD51CDD2224008D6100 /* Base */,
			);
			name = LaunchScreen.storyboard;
			sourceTree = "<group>";
		};
/* End PBXVariantGroup section */

/* Begin XCBuildConfiguration section */
		B2FBDCEE1CDD2224008D6100 /* Debug */ = {
			isa = XCBuildConfiguration;
			buildSettings = {
				ALWAYS_SEARCH_USER_PATHS = NO;
				CLANG_ANALYZER_NONNULL = YES;
				CLANG_CXX_LANGUAGE_STANDARD = "gnu++0x";
				CLANG_CXX_LIBRARY = "libc++";
				CLANG_ENABLE_MODULES = YES;
				CLANG_ENABLE_OBJC_ARC = YES;
				CLANG_WARN_BOOL_CONVERSION = YES;
				CLANG_WARN_CONSTANT_CONVERSION = YES;
				CLANG_WARN_DIRECT_OBJC_ISA_USAGE = YES_ERROR;
				CLANG_WARN_EMPTY_BODY = YES;
				CLANG_WARN_ENUM_CONVERSION = YES;
				CLANG_WARN_INT_CONVERSION = YES;
				CLANG_WARN_OBJC_ROOT_CLASS = YES_ERROR;
				CLANG_WARN_UNREACHABLE_CODE = YES;
				CLANG_WARN__DUPLICATE_METHOD_MATCH = YES;
				"CODE_SIGN_IDENTITY[sdk=iphoneos*]" = "iPhone Developer";
				COPY_PHASE_STRIP = NO;
				DEBUG_INFORMATION_FORMAT = dwarf;
				ENABLE_STRICT_OBJC_MSGSEND = YES;
				ENABLE_TESTABILITY = YES;
				GCC_C_LANGUAGE_STANDARD = gnu99;
				GCC_DYNAMIC_NO_PIC = NO;
				GCC_NO_COMMON_BLOCKS = YES;
				GCC_OPTIMIZATION_LEVEL = 0;
				GCC_PREPROCESSOR_DEFINITIONS = (
					"DEBUG=1",
					"$(inherited)",
				);
				GCC_WARN_64_TO_32_BIT_CONVERSION = YES;
				GCC_WARN_ABOUT_RETURN_TYPE = YES_ERROR;
				GCC_WARN_UNDECLARED_SELECTOR = YES;
				GCC_WARN_UNINITIALIZED_AUTOS = YES_AGGRESSIVE;
				GCC_WARN_UNUSED_FUNCTION = YES;
				GCC_WARN_UNUSED_VARIABLE = YES;
				IPHONEOS_DEPLOYMENT_TARGET = 9.3;
				MTL_ENABLE_DEBUG_INFO = YES;
				ONLY_ACTIVE_ARCH = YES;
				SDKROOT = iphoneos;
				SWIFT_OPTIMIZATION_LEVEL = "-Onone";
			};
			name = Debug;
		};
		B2FBDCEF1CDD2224008D6100 /* Release */ = {
			isa = XCBuildConfiguration;
			buildSettings = {
				ALWAYS_SEARCH_USER_PATHS = NO;
				CLANG_ANALYZER_NONNULL = YES;
				CLANG_CXX_LANGUAGE_STANDARD = "gnu++0x";
				CLANG_CXX_LIBRARY = "libc++";
				CLANG_ENABLE_MODULES = YES;
				CLANG_ENABLE_OBJC_ARC = YES;
				CLANG_WARN_BOOL_CONVERSION = YES;
				CLANG_WARN_CONSTANT_CONVERSION = YES;
				CLANG_WARN_DIRECT_OBJC_ISA_USAGE = YES_ERROR;
				CLANG_WARN_EMPTY_BODY = YES;
				CLANG_WARN_ENUM_CONVERSION = YES;
				CLANG_WARN_INT_CONVERSION = YES;
				CLANG_WARN_OBJC_ROOT_CLASS = YES_ERROR;
				CLANG_WARN_UNREACHABLE_CODE = YES;
				CLANG_WARN__DUPLICATE_METHOD_MATCH = YES;
				"CODE_SIGN_IDENTITY[sdk=iphoneos*]" = "iPhone Developer";
				COPY_PHASE_STRIP = NO;
				DEBUG_INFORMATION_FORMAT = "dwarf-with-dsym";
				ENABLE_NS_ASSERTIONS = NO;
				ENABLE_STRICT_OBJC_MSGSEND = YES;
				GCC_C_LANGUAGE_STANDARD = gnu99;
				GCC_NO_COMMON_BLOCKS = YES;
				GCC_WARN_64_TO_32_BIT_CONVERSION = YES;
				GCC_WARN_ABOUT_RETURN_TYPE = YES_ERROR;
				GCC_WARN_UNDECLARED_SELECTOR = YES;
				GCC_WARN_UNINITIALIZED_AUTOS = YES_AGGRESSIVE;
				GCC_WARN_UNUSED_FUNCTION = YES;
				GCC_WARN_UNUSED_VARIABLE = YES;
				IPHONEOS_DEPLOYMENT_TARGET = 9.3;
				MTL_ENABLE_DEBUG_INFO = NO;
				SDKROOT = iphoneos;
				VALIDATE_PRODUCT = YES;
			};
			name = Release;
		};
		B2FBDCF11CDD2224008D6100 /* Debug */ = {
			isa = XCBuildConfiguration;
			buildSettings = {
				ASSETCATALOG_COMPILER_APPICON_NAME = AppIcon;
				EMBEDDED_CONTENT_CONTAINS_SWIFT = YES;
				INFOPLIST_FILE = KeyboardLayoutEngine/Info.plist;
				LD_RUNPATH_SEARCH_PATHS = "$(inherited) @executable_path/Frameworks";
				PRODUCT_BUNDLE_IDENTIFIER = co.prototapp.KeyboardLayoutEngine;
				PRODUCT_NAME = "$(TARGET_NAME)";
			};
			name = Debug;
		};
		B2FBDCF21CDD2224008D6100 /* Release */ = {
			isa = XCBuildConfiguration;
			buildSettings = {
				ASSETCATALOG_COMPILER_APPICON_NAME = AppIcon;
				EMBEDDED_CONTENT_CONTAINS_SWIFT = YES;
				INFOPLIST_FILE = KeyboardLayoutEngine/Info.plist;
				LD_RUNPATH_SEARCH_PATHS = "$(inherited) @executable_path/Frameworks";
				PRODUCT_BUNDLE_IDENTIFIER = co.prototapp.KeyboardLayoutEngine;
				PRODUCT_NAME = "$(TARGET_NAME)";
			};
			name = Release;
		};
		B2FBDCF41CDD2224008D6100 /* Debug */ = {
			isa = XCBuildConfiguration;
			buildSettings = {
				BUNDLE_LOADER = "$(TEST_HOST)";
				INFOPLIST_FILE = KeyboardLayoutEngineTests/Info.plist;
				LD_RUNPATH_SEARCH_PATHS = "$(inherited) @executable_path/Frameworks @loader_path/Frameworks";
				PRODUCT_BUNDLE_IDENTIFIER = co.prototapp.KeyboardLayoutEngineTests;
				PRODUCT_NAME = "$(TARGET_NAME)";
				TEST_HOST = "$(BUILT_PRODUCTS_DIR)/KeyboardLayoutEngine.app/KeyboardLayoutEngine";
			};
			name = Debug;
		};
		B2FBDCF51CDD2224008D6100 /* Release */ = {
			isa = XCBuildConfiguration;
			buildSettings = {
				BUNDLE_LOADER = "$(TEST_HOST)";
				INFOPLIST_FILE = KeyboardLayoutEngineTests/Info.plist;
				LD_RUNPATH_SEARCH_PATHS = "$(inherited) @executable_path/Frameworks @loader_path/Frameworks";
				PRODUCT_BUNDLE_IDENTIFIER = co.prototapp.KeyboardLayoutEngineTests;
				PRODUCT_NAME = "$(TARGET_NAME)";
				TEST_HOST = "$(BUILT_PRODUCTS_DIR)/KeyboardLayoutEngine.app/KeyboardLayoutEngine";
			};
			name = Release;
		};
		B2FBDCF71CDD2224008D6100 /* Debug */ = {
			isa = XCBuildConfiguration;
			buildSettings = {
				INFOPLIST_FILE = KeyboardLayoutEngineUITests/Info.plist;
				LD_RUNPATH_SEARCH_PATHS = "$(inherited) @executable_path/Frameworks @loader_path/Frameworks";
				PRODUCT_BUNDLE_IDENTIFIER = co.prototapp.KeyboardLayoutEngineUITests;
				PRODUCT_NAME = "$(TARGET_NAME)";
				TEST_TARGET_NAME = KeyboardLayoutEngine;
			};
			name = Debug;
		};
		B2FBDCF81CDD2224008D6100 /* Release */ = {
			isa = XCBuildConfiguration;
			buildSettings = {
				INFOPLIST_FILE = KeyboardLayoutEngineUITests/Info.plist;
				LD_RUNPATH_SEARCH_PATHS = "$(inherited) @executable_path/Frameworks @loader_path/Frameworks";
				PRODUCT_BUNDLE_IDENTIFIER = co.prototapp.KeyboardLayoutEngineUITests;
				PRODUCT_NAME = "$(TARGET_NAME)";
				TEST_TARGET_NAME = KeyboardLayoutEngine;
			};
			name = Release;
		};
		B2FBDD061CDD2292008D6100 /* Debug */ = {
			isa = XCBuildConfiguration;
			buildSettings = {
				INFOPLIST_FILE = Keyboard/Info.plist;
				LD_RUNPATH_SEARCH_PATHS = "$(inherited) @executable_path/Frameworks @executable_path/../../Frameworks";
				PRODUCT_BUNDLE_IDENTIFIER = co.prototapp.KeyboardLayoutEngine.Keyboard;
				PRODUCT_NAME = "$(TARGET_NAME)";
				SKIP_INSTALL = YES;
			};
			name = Debug;
		};
		B2FBDD071CDD2292008D6100 /* Release */ = {
			isa = XCBuildConfiguration;
			buildSettings = {
				INFOPLIST_FILE = Keyboard/Info.plist;
				LD_RUNPATH_SEARCH_PATHS = "$(inherited) @executable_path/Frameworks @executable_path/../../Frameworks";
				PRODUCT_BUNDLE_IDENTIFIER = co.prototapp.KeyboardLayoutEngine.Keyboard;
				PRODUCT_NAME = "$(TARGET_NAME)";
				SKIP_INSTALL = YES;
			};
			name = Release;
		};
/* End XCBuildConfiguration section */

/* Begin XCConfigurationList section */
		B2FBDCC31CDD2224008D6100 /* Build configuration list for PBXProject "KeyboardLayoutEngine" */ = {
			isa = XCConfigurationList;
			buildConfigurations = (
				B2FBDCEE1CDD2224008D6100 /* Debug */,
				B2FBDCEF1CDD2224008D6100 /* Release */,
			);
			defaultConfigurationIsVisible = 0;
			defaultConfigurationName = Release;
		};
		B2FBDCF01CDD2224008D6100 /* Build configuration list for PBXNativeTarget "KeyboardLayoutEngine" */ = {
			isa = XCConfigurationList;
			buildConfigurations = (
				B2FBDCF11CDD2224008D6100 /* Debug */,
				B2FBDCF21CDD2224008D6100 /* Release */,
			);
			defaultConfigurationIsVisible = 0;
			defaultConfigurationName = Release;
		};
		B2FBDCF31CDD2224008D6100 /* Build configuration list for PBXNativeTarget "KeyboardLayoutEngineTests" */ = {
			isa = XCConfigurationList;
			buildConfigurations = (
				B2FBDCF41CDD2224008D6100 /* Debug */,
				B2FBDCF51CDD2224008D6100 /* Release */,
			);
			defaultConfigurationIsVisible = 0;
			defaultConfigurationName = Release;
		};
		B2FBDCF61CDD2224008D6100 /* Build configuration list for PBXNativeTarget "KeyboardLayoutEngineUITests" */ = {
			isa = XCConfigurationList;
			buildConfigurations = (
				B2FBDCF71CDD2224008D6100 /* Debug */,
				B2FBDCF81CDD2224008D6100 /* Release */,
			);
			defaultConfigurationIsVisible = 0;
			defaultConfigurationName = Release;
		};
		B2FBDD051CDD2292008D6100 /* Build configuration list for PBXNativeTarget "Keyboard" */ = {
			isa = XCConfigurationList;
			buildConfigurations = (
				B2FBDD061CDD2292008D6100 /* Debug */,
				B2FBDD071CDD2292008D6100 /* Release */,
			);
			defaultConfigurationIsVisible = 0;
			defaultConfigurationName = Release;
		};
/* End XCConfigurationList section */
	};
	rootObject = B2FBDCC01CDD2224008D6100 /* Project object */;
}
